
Microsoft Visual Studio Solution File, Format Version 12.00
# Visual Studio Version 17
VisualStudioVersion = 17.1.32210.238
MinimumVisualStudioVersion = 10.0.40219.1
Project("{FAE04EC0-301F-11D3-BF4B-00C04F79EFBC}") = "AppSeguridad", "AppSeguridad\AppSeguridad.csproj", "{8D8A65FC-FAE2-4A45-A729-D7601449D901}"
EndProject
Global
	GlobalSection(SolutionConfigurationPlatforms) = preSolution
		Debug|Any CPU = Debug|Any CPU
		Release|Any CPU = Release|Any CPU
	EndGlobalSection
	GlobalSection(ProjectConfigurationPlatforms) = postSolution
		{8D8A65FC-FAE2-4A45-A729-D7601449D901}.Debug|Any CPU.ActiveCfg = Debug|Any CPU
		{8D8A65FC-FAE2-4A45-A729-D7601449D901}.Debug|Any CPU.Build.0 = Debug|Any CPU
		{8D8A65FC-FAE2-4A45-A729-D7601449D901}.Release|Any CPU.ActiveCfg = Release|Any CPU
		{8D8A65FC-FAE2-4A45-A729-D7601449D901}.Release|Any CPU.Build.0 = Release|Any CPU
	EndGlobalSection
	GlobalSection(SolutionProperties) = preSolution
		HideSolutionNode = FALSE
	EndGlobalSection
	GlobalSection(ExtensibilityGlobals) = postSolution
		SolutionGuid = {32767A7B-C79B-4694-AD33-A5CE6D240884}
	EndGlobalSection
EndGlobal
